github.com/takurooo/binaryio v0.0.0-20200903003049-b6e32b88c62f h1:tjgcG31uL5v3x+UaDs4CyK/pATgPTv+MegxYYMTCdOU=
github.com/takurooo/binaryio v0.0.0-20200903003049-b6e32b88c62f/go.mod h1:liCc/Mqk18dyq1CLtKTzL2eP7/Wjq8pg3597n/Yq4R8=
github.com/takurooo/binaryio v0.0.0-20200906093630-233bbf96d575 h1:w6W2/lXeec5WBZD1l488eARqEW7i2u8L6x7f4lcFWzU=
github.com/takurooo/binaryio v0.0.0-20200906093630-233bbf96d575/go.mod h1:liCc/Mqk18dyq1CLtKTzL2eP7/Wjq8pg3597n/Yq4R8=
github.com/takurooo/swriter v0.0.0-20200911014221-29b740cd8064 h1:cLY6t5+h6qrpUUBanygpV6Z8HUV9QXz4IpwCU230L9Q=
github.com/takurooo/swriter v0.0.0-20200911014221-29b740cd8064/go.mod h1:boxBJluvL2R4iEc6PC+hQPQWDa28Dz5W6WsOalo3RyE=
github.com/takurooo/swriter v0.0.0-20200911015132-6c8cdd64923e h1:FreNncAzUFJGPO9aboRmo4qG4f/+RcEsRLr1o4GBr2g=
github.com/takurooo/swriter v0.0.0-20200911015132-6c8cdd64923e/go.mod h1:boxBJluvL2R4iEc6PC+hQPQWDa28Dz5W6WsOalo3RyE=
